{
    "_readme": [
        "This file locks the dependencies of your project to a known state",
        "Read more about it at https://getcomposer.org/doc/01-basic-usage.md#composer-lock-the-lock-file",
        "This file is @generated automatically"
    ],
    "hash": "81807ab9cd6e43de951264ec780c5618",
    "content-hash": "55422155d3f34698dce46152972c7f78",
    "packages": [
        {
            "name": "alexkazik/getopts",
            "version": "1.0.0",
            "source": {
                "type": "git",
                "url": "https://github.com/alexkazik/getopts",
                "reference": "master"
            },
            "type": "library"
        },
        {
            "name": "lstrojny/functional-php",
            "version": "1.0.0",
            "source": {
                "type": "git",
                "url": "https://github.com/lstrojny/functional-php.git",
                "reference": "dffae98dd0873aeab168246792fc0501735ef971"
            },
            "dist": {
                "type": "zip",
                "url": "https://api.github.com/repos/lstrojny/functional-php/zipball/dffae98dd0873aeab168246792fc0501735ef971",
                "reference": "dffae98dd0873aeab168246792fc0501735ef971",
                "shasum": ""
            },
            "require": {
                "php": ">=5.3.0"
            },
            "require-dev": {
                "phpunit/phpunit": "~4"
            },
            "type": "library",
            "extra": {
                "branch-alias": {
                    "dev-master": "1.0-dev"
                }
            },
            "autoload": {
                "files": [
                    "src/Functional/_import.php"
                ]
            },
            "notification-url": "https://packagist.org/downloads/",
            "license": [
                "MIT"
            ],
            "authors": [
                {
                    "name": "Lars Strojny",
                    "email": "lstrojny@php.net",
                    "homepage": "http://usrportage.de"
                },
                {
                    "name": "Max Beutel",
                    "email": "nash12@gmail.com"
                }
            ],
            "description": "Functional primitives for PHP",
            "keywords": [
                "functional"
            ],
            "time": "2015-06-23 21:56:56"
        }
    ],
    "packages-dev": [],
    "aliases": [],
    "minimum-stability": "stable",
    "stability-flags": [],
    "prefer-stable": false,
    "prefer-lowest": false,
    "platform": {
        "php": ">=5.5"
    },
    "platform-dev": []
}
