{
    "_readme": [
        "This file locks the dependencies of your project to a known state",
        "Read more about it at https://getcomposer.org/doc/01-basic-usage.md#composer-lock-the-lock-file",
        "This file is @generated automatically"
    ],
    "hash": "1bf9877d631d903d258156e4dd1c1fcf",
    "content-hash": "813b4ecc8b3d9288adde46b1e7ba5930",
    "packages": [
        {
            "name": "alexkazik/getopts",
            "version": "dev-master",
            "source": {
                "type": "git",
                "url": "https://github.com/alexkazik/getopts",
                "reference": "49a00bf8c8563fadf1024b01495d62bc1c9acad9"
            },
            "type": "library",
            "time": "2011-05-13 10:38:20"
        },
        {
            "name": "corneltek/getoptionkit",
            "version": "2.5.0",
            "source": {
                "type": "git",
                "url": "https://github.com/c9s/GetOptionKit.git",
                "reference": "076cc41051d6417bf9304fe92f8d9793edac9910"
            },
            "dist": {
                "type": "zip",
                "url": "https://api.github.com/repos/c9s/GetOptionKit/zipball/076cc41051d6417bf9304fe92f8d9793edac9910",
                "reference": "076cc41051d6417bf9304fe92f8d9793edac9910",
                "shasum": ""
            },
            "require": {
                "php": ">=5.3.0"
            },
            "require-dev": {
                "corneltek/phpunit-testmore": "dev-master",
                "satooshi/php-coveralls": "^1"
            },
            "type": "library",
            "extra": {
                "branch-alias": {
                    "dev-master": "2.5.x-dev"
                }
            },
            "autoload": {
                "psr-4": {
                    "GetOptionKit\\": "src/"
                }
            },
            "notification-url": "https://packagist.org/downloads/",
            "license": [
                "MIT"
            ],
            "authors": [
                {
                    "name": "Yo-An Lin",
                    "email": "cornelius.howl@gmail.com"
                }
            ],
            "description": "Powerful command-line option toolkit",
            "homepage": "http://github.com/c9s/GetOptionKit",
            "time": "2016-07-18 07:44:29"
        },
        {
            "name": "lstrojny/functional-php",
            "version": "1.2.0",
            "source": {
                "type": "git",
                "url": "https://github.com/lstrojny/functional-php.git",
                "reference": "36506d28c29fcfdc260c2341e251ea8834f8d8ed"
            },
            "dist": {
                "type": "zip",
                "url": "https://api.github.com/repos/lstrojny/functional-php/zipball/36506d28c29fcfdc260c2341e251ea8834f8d8ed",
                "reference": "36506d28c29fcfdc260c2341e251ea8834f8d8ed",
                "shasum": ""
            },
            "require": {
                "php": ">=5.6.0"
            },
            "require-dev": {
                "phpunit/phpunit": "~5"
            },
            "type": "library",
            "extra": {
                "branch-alias": {
                    "dev-master": "1.2-dev"
                }
            },
            "autoload": {
                "files": [
                    "src/Functional/_import.php"
                ]
            },
            "notification-url": "https://packagist.org/downloads/",
            "license": [
                "MIT"
            ],
            "authors": [
                {
                    "name": "Lars Strojny",
                    "email": "lstrojny@php.net",
                    "homepage": "http://usrportage.de"
                },
                {
                    "name": "Max Beutel",
                    "email": "nash12@gmail.com"
                }
            ],
            "description": "Functional primitives for PHP",
            "keywords": [
                "functional"
            ],
            "time": "2015-12-03 08:26:11"
        }
    ],
    "packages-dev": [],
    "aliases": [],
    "minimum-stability": "stable",
    "stability-flags": {
        "alexkazik/getopts": 20
    },
    "prefer-stable": false,
    "prefer-lowest": false,
    "platform": {
        "php": ">=7.0"
    },
    "platform-dev": []
}
